
Microsoft Visual Studio Solution File, Format Version 12.00
# Visual Studio 15
VisualStudioVersion = 15.0.28010.2041
MinimumVisualStudioVersion = 10.0.40219.1
Project("{9A19103F-16F7-4668-BE54-9A1E7A4F7556}") = "1_EvenOrOddNumber", "1_EvenOrOddNumber\1_EvenOrOddNumber.csproj", "{17E4E637-E50B-4273-A59E-A5C1EDE8788C}"
EndProject
Project("{9A19103F-16F7-4668-BE54-9A1E7A4F7556}") = "2_DivisionOfNumber", "2_DivisionOfNumber\2_DivisionOfNumber.csproj", "{ACC96218-DE72-45E0-9B90-A3C7BBB404C3}"
EndProject
Project("{9A19103F-16F7-4668-BE54-9A1E7A4F7556}") = "3_ThirdNumber7", "3_ThirdNumber7\3_ThirdNumber7.csproj", "{87E6861C-8002-452C-B15E-B53B3422F09B}"
EndProject
Project("{9A19103F-16F7-4668-BE54-9A1E7A4F7556}") = "4_ThirdBit", "4_TrapeziumFormula\4_ThirdBit.csproj", "{9E8F8443-2627-4CCE-9C3E-61D0FB1EE0B2}"
EndProject
Project("{9A19103F-16F7-4668-BE54-9A1E7A4F7556}") = "5_TrapeziumFormula", "5_TrapeziumFormula\5_TrapeziumFormula.csproj", "{ABA641E4-30A9-473D-A380-66376C61B2E4}"
EndProject
Project("{9A19103F-16F7-4668-BE54-9A1E7A4F7556}") = "6_RectangleFormulas", "6_RectangleFormulas\6_RectangleFormulas.csproj", "{D20F83B5-61F8-468B-B65C-ECDAA22E60E3}"
EndProject
Project("{9A19103F-16F7-4668-BE54-9A1E7A4F7556}") = "7_WeightOnMoon", "7_WeightOnMoon\7_WeightOnMoon.csproj", "{DF5B113A-2626-4EAA-84EC-407C4C5DAD8C}"
EndProject
Project("{9A19103F-16F7-4668-BE54-9A1E7A4F7556}") = "8_PointInACircle", "8_PointInACircle\8_PointInACircle.csproj", "{A2789EEF-43CA-41D2-80A7-76FCC72B6CB4}"
EndProject
Project("{9A19103F-16F7-4668-BE54-9A1E7A4F7556}") = "9_PointInACircleAndOutsideRectangle", "9_PointInACircleAndOutsideRectangle\9_PointInACircleAndOutsideRectangle.csproj", "{5FA11B39-F9A0-40BD-881F-EED284438764}"
EndProject
Project("{9A19103F-16F7-4668-BE54-9A1E7A4F7556}") = "10_FourDigitNumberInFormatABCD", "10_FourDigitNumberInFormatABCD\10_FourDigitNumberInFormatABCD.csproj", "{48FAAF8B-8431-424D-88EE-D2AF68F58D07}"
EndProject
Project("{FAE04EC0-301F-11D3-BF4B-00C04F79EFBC}") = "11_TheSumOfBit", "11_TheSumOfBit\11_TheSumOfBit.csproj", "{CB268283-CE03-440E-A26B-A0D8793C78BD}"
EndProject
Project("{FAE04EC0-301F-11D3-BF4B-00C04F79EFBC}") = "12_ByteInPosition", "12_ByteInPosition\12_ByteInPosition.csproj", "{9A53AF75-9D73-4788-B50C-AAF5909C1B60}"
EndProject
Project("{FAE04EC0-301F-11D3-BF4B-00C04F79EFBC}") = "13_NumbersOfBit", "13_NumbersOfBit\13_NumbersOfBit.csproj", "{924B1597-6D3D-4321-8EFB-70C197715763}"
EndProject
Project("{FAE04EC0-301F-11D3-BF4B-00C04F79EFBC}") = "14_NumberIsPrime", "14_NumberIsPrime\14_NumberIsPrime.csproj", "{770263A3-788A-4FDE-A2FE-135F921F1512}"
EndProject
Project("{FAE04EC0-301F-11D3-BF4B-00C04F79EFBC}") = "15_Bits", "15_Bits\15_Bits.csproj", "{7D45C92E-97BC-4ED9-A9F5-E43E5A97D02B}"
EndProject
Project("{FAE04EC0-301F-11D3-BF4B-00C04F79EFBC}") = "16_ChangeBits", "16_ChangeBits\16_ChangeBits.csproj", "{33D6B402-16BF-49A0-ABD2-6E37ECA8363E}"
EndProject
Global
	GlobalSection(SolutionConfigurationPlatforms) = preSolution
		Debug|Any CPU = Debug|Any CPU
		Release|Any CPU = Release|Any CPU
	EndGlobalSection
	GlobalSection(ProjectConfigurationPlatforms) = postSolution
		{17E4E637-E50B-4273-A59E-A5C1EDE8788C}.Debug|Any CPU.ActiveCfg = Debug|Any CPU
		{17E4E637-E50B-4273-A59E-A5C1EDE8788C}.Debug|Any CPU.Build.0 = Debug|Any CPU
		{17E4E637-E50B-4273-A59E-A5C1EDE8788C}.Release|Any CPU.ActiveCfg = Release|Any CPU
		{17E4E637-E50B-4273-A59E-A5C1EDE8788C}.Release|Any CPU.Build.0 = Release|Any CPU
		{ACC96218-DE72-45E0-9B90-A3C7BBB404C3}.Debug|Any CPU.ActiveCfg = Debug|Any CPU
		{ACC96218-DE72-45E0-9B90-A3C7BBB404C3}.Debug|Any CPU.Build.0 = Debug|Any CPU
		{ACC96218-DE72-45E0-9B90-A3C7BBB404C3}.Release|Any CPU.ActiveCfg = Release|Any CPU
		{ACC96218-DE72-45E0-9B90-A3C7BBB404C3}.Release|Any CPU.Build.0 = Release|Any CPU
		{87E6861C-8002-452C-B15E-B53B3422F09B}.Debug|Any CPU.ActiveCfg = Debug|Any CPU
		{87E6861C-8002-452C-B15E-B53B3422F09B}.Debug|Any CPU.Build.0 = Debug|Any CPU
		{87E6861C-8002-452C-B15E-B53B3422F09B}.Release|Any CPU.ActiveCfg = Release|Any CPU
		{87E6861C-8002-452C-B15E-B53B3422F09B}.Release|Any CPU.Build.0 = Release|Any CPU
		{9E8F8443-2627-4CCE-9C3E-61D0FB1EE0B2}.Debug|Any CPU.ActiveCfg = Debug|Any CPU
		{9E8F8443-2627-4CCE-9C3E-61D0FB1EE0B2}.Debug|Any CPU.Build.0 = Debug|Any CPU
		{9E8F8443-2627-4CCE-9C3E-61D0FB1EE0B2}.Release|Any CPU.ActiveCfg = Release|Any CPU
		{9E8F8443-2627-4CCE-9C3E-61D0FB1EE0B2}.Release|Any CPU.Build.0 = Release|Any CPU
		{ABA641E4-30A9-473D-A380-66376C61B2E4}.Debug|Any CPU.ActiveCfg = Debug|Any CPU
		{ABA641E4-30A9-473D-A380-66376C61B2E4}.Debug|Any CPU.Build.0 = Debug|Any CPU
		{ABA641E4-30A9-473D-A380-66376C61B2E4}.Release|Any CPU.ActiveCfg = Release|Any CPU
		{ABA641E4-30A9-473D-A380-66376C61B2E4}.Release|Any CPU.Build.0 = Release|Any CPU
		{D20F83B5-61F8-468B-B65C-ECDAA22E60E3}.Debug|Any CPU.ActiveCfg = Debug|Any CPU
		{D20F83B5-61F8-468B-B65C-ECDAA22E60E3}.Debug|Any CPU.Build.0 = Debug|Any CPU
		{D20F83B5-61F8-468B-B65C-ECDAA22E60E3}.Release|Any CPU.ActiveCfg = Release|Any CPU
		{D20F83B5-61F8-468B-B65C-ECDAA22E60E3}.Release|Any CPU.Build.0 = Release|Any CPU
		{DF5B113A-2626-4EAA-84EC-407C4C5DAD8C}.Debug|Any CPU.ActiveCfg = Debug|Any CPU
		{DF5B113A-2626-4EAA-84EC-407C4C5DAD8C}.Debug|Any CPU.Build.0 = Debug|Any CPU
		{DF5B113A-2626-4EAA-84EC-407C4C5DAD8C}.Release|Any CPU.ActiveCfg = Release|Any CPU
		{DF5B113A-2626-4EAA-84EC-407C4C5DAD8C}.Release|Any CPU.Build.0 = Release|Any CPU
		{A2789EEF-43CA-41D2-80A7-76FCC72B6CB4}.Debug|Any CPU.ActiveCfg = Debug|Any CPU
		{A2789EEF-43CA-41D2-80A7-76FCC72B6CB4}.Debug|Any CPU.Build.0 = Debug|Any CPU
		{A2789EEF-43CA-41D2-80A7-76FCC72B6CB4}.Release|Any CPU.ActiveCfg = Release|Any CPU
		{A2789EEF-43CA-41D2-80A7-76FCC72B6CB4}.Release|Any CPU.Build.0 = Release|Any CPU
		{5FA11B39-F9A0-40BD-881F-EED284438764}.Debug|Any CPU.ActiveCfg = Debug|Any CPU
		{5FA11B39-F9A0-40BD-881F-EED284438764}.Debug|Any CPU.Build.0 = Debug|Any CPU
		{5FA11B39-F9A0-40BD-881F-EED284438764}.Release|Any CPU.ActiveCfg = Release|Any CPU
		{5FA11B39-F9A0-40BD-881F-EED284438764}.Release|Any CPU.Build.0 = Release|Any CPU
		{48FAAF8B-8431-424D-88EE-D2AF68F58D07}.Debug|Any CPU.ActiveCfg = Debug|Any CPU
		{48FAAF8B-8431-424D-88EE-D2AF68F58D07}.Debug|Any CPU.Build.0 = Debug|Any CPU
		{48FAAF8B-8431-424D-88EE-D2AF68F58D07}.Release|Any CPU.ActiveCfg = Release|Any CPU
		{48FAAF8B-8431-424D-88EE-D2AF68F58D07}.Release|Any CPU.Build.0 = Release|Any CPU
		{CB268283-CE03-440E-A26B-A0D8793C78BD}.Debug|Any CPU.ActiveCfg = Debug|Any CPU
		{CB268283-CE03-440E-A26B-A0D8793C78BD}.Debug|Any CPU.Build.0 = Debug|Any CPU
		{CB268283-CE03-440E-A26B-A0D8793C78BD}.Release|Any CPU.ActiveCfg = Release|Any CPU
		{CB268283-CE03-440E-A26B-A0D8793C78BD}.Release|Any CPU.Build.0 = Release|Any CPU
		{9A53AF75-9D73-4788-B50C-AAF5909C1B60}.Debug|Any CPU.ActiveCfg = Debug|Any CPU
		{9A53AF75-9D73-4788-B50C-AAF5909C1B60}.Debug|Any CPU.Build.0 = Debug|Any CPU
		{9A53AF75-9D73-4788-B50C-AAF5909C1B60}.Release|Any CPU.ActiveCfg = Release|Any CPU
		{9A53AF75-9D73-4788-B50C-AAF5909C1B60}.Release|Any CPU.Build.0 = Release|Any CPU
		{924B1597-6D3D-4321-8EFB-70C197715763}.Debug|Any CPU.ActiveCfg = Debug|Any CPU
		{924B1597-6D3D-4321-8EFB-70C197715763}.Debug|Any CPU.Build.0 = Debug|Any CPU
		{924B1597-6D3D-4321-8EFB-70C197715763}.Release|Any CPU.ActiveCfg = Release|Any CPU
		{924B1597-6D3D-4321-8EFB-70C197715763}.Release|Any CPU.Build.0 = Release|Any CPU
		{770263A3-788A-4FDE-A2FE-135F921F1512}.Debug|Any CPU.ActiveCfg = Debug|Any CPU
		{770263A3-788A-4FDE-A2FE-135F921F1512}.Debug|Any CPU.Build.0 = Debug|Any CPU
		{770263A3-788A-4FDE-A2FE-135F921F1512}.Release|Any CPU.ActiveCfg = Release|Any CPU
		{770263A3-788A-4FDE-A2FE-135F921F1512}.Release|Any CPU.Build.0 = Release|Any CPU
		{7D45C92E-97BC-4ED9-A9F5-E43E5A97D02B}.Debug|Any CPU.ActiveCfg = Debug|Any CPU
		{7D45C92E-97BC-4ED9-A9F5-E43E5A97D02B}.Debug|Any CPU.Build.0 = Debug|Any CPU
		{7D45C92E-97BC-4ED9-A9F5-E43E5A97D02B}.Release|Any CPU.ActiveCfg = Release|Any CPU
		{7D45C92E-97BC-4ED9-A9F5-E43E5A97D02B}.Release|Any CPU.Build.0 = Release|Any CPU
		{33D6B402-16BF-49A0-ABD2-6E37ECA8363E}.Debug|Any CPU.ActiveCfg = Debug|Any CPU
		{33D6B402-16BF-49A0-ABD2-6E37ECA8363E}.Debug|Any CPU.Build.0 = Debug|Any CPU
		{33D6B402-16BF-49A0-ABD2-6E37ECA8363E}.Release|Any CPU.ActiveCfg = Release|Any CPU
		{33D6B402-16BF-49A0-ABD2-6E37ECA8363E}.Release|Any CPU.Build.0 = Release|Any CPU
	EndGlobalSection
	GlobalSection(SolutionProperties) = preSolution
		HideSolutionNode = FALSE
	EndGlobalSection
	GlobalSection(ExtensibilityGlobals) = postSolution
		SolutionGuid = {E8EFD0F0-C64F-4E11-B6E5-CC6D046F9084}
	EndGlobalSection
EndGlobal
